// !$*UTF8*$!
{
	archiveVersion = 1;
	classes = {
	};
	objectVersion = 56;
	objects = {

/* Begin PBXBuildFile section */
		C0A1B0012F00000100000001 /* main.swift in Sources */ = {isa = PBXBuildFile; fileRef = C0A1B0022F00000100000001 /* main.swift */; };
/* End PBXBuildFile section */

/* Begin PBXFileReference section */
		C0A1B0022F00000100000001 /* main.swift */ = {isa = PBXFileReference; lastKnownFileType = sourcecode.swift; name = main.swift; path = main.swift; sourceTree = "<group>"; };
		C0A1B0032F00000100000001 /* Info.plist */ = {isa = PBXFileReference; lastKnownFileType = text.plist.xml; path = Info.plist; sourceTree = "<group>"; };
		C0A1B0042F00000100000001 /* MiniBrowser.entitlements */ = {isa = PBXFileReference; lastKnownFileType = text.plist.entitlements; path = MiniBrowser.entitlements; sourceTree = "<group>"; };
		C0A1B0052F00000100000001 /* MiniBrowser.app */ = {isa = PBXFileReference; explicitFileType = wrapper.application; includeInIndex = 0; path = MiniBrowser.app; sourceTree = BUILT_PRODUCTS_DIR; };
/* End PBXFileReference section */

/* Begin PBXFrameworksBuildPhase section */
		C0A1B0062F00000100000001 /* Frameworks */ = {
			isa = PBXFrameworksBuildPhase;
			buildActionMask = 2147483647;
			files = (
			);
			runOnlyForDeploymentPostprocessing = 0;
		};
/* End PBXFrameworksBuildPhase section */

/* Begin PBXGroup section */
		C0A1B0072F00000100000001 = {
			isa = PBXGroup;
			children = (
				C0A1B0092F00000100000001 /* Browser */,
				C0A1B0082F00000100000001 /* MiniBrowser */,
				C0A1B00A2F00000100000001 /* Products */,
			);
			sourceTree = "<group>";
		};
		C0A1B0082F00000100000001 /* MiniBrowser */ = {
			isa = PBXGroup;
			children = (
				C0A1B0032F00000100000001 /* Info.plist */,
				C0A1B0042F00000100000001 /* MiniBrowser.entitlements */,
			);
			path = MiniBrowser;
			sourceTree = "<group>";
		};
		C0A1B0092F00000100000001 /* Browser */ = {
			isa = PBXGroup;
			children = (
				C0A1B0022F00000100000001 /* main.swift */,
			);
			path = Browser;
			sourceTree = "<group>";
		};
		C0A1B00A2F00000100000001 /* Products */ = {
			isa = PBXGroup;
			children = (
				C0A1B0052F00000100000001 /* MiniBrowser.app */,
			);
			name = Products;
			sourceTree = "<group>";
		};
/* End PBXGroup section */

/* Begin PBXNativeTarget section */
		C0A1B00B2F00000100000001 /* MiniBrowser */ = {
			isa = PBXNativeTarget;
			buildConfigurationList = C0A1B00C2F00000100000001 /* Build configuration list for PBXNativeTarget "MiniBrowser" */;
			buildPhases = (
				C0A1B00D2F00000100000001 /* Sources */,
				C0A1B0062F00000100000001 /* Frameworks */,
				C0A1B00E2F00000100000001 /* Resources */,
			);
			buildRules = (
			);
			dependencies = (
			);
			name = MiniBrowser;
			productName = MiniBrowser;
			productReference = C0A1B0052F00000100000001 /* MiniBrowser.app */;
			productType = "com.apple.product-type.application";
		};
/* End PBXNativeTarget section */

/* Begin PBXProject section */
		C0A1B00F2F00000100000001 /* Project object */ = {
			isa = PBXProject;
			attributes = {
				BuildIndependentTargetsInParallel = 1;
				LastSwiftUpdateCheck = 1500;
				LastUpgradeCheck = 1500;
				TargetAttributes = {
					C0A1B00B2F00000100000001 = {
						CreatedOnToolsVersion = 15.0;
					};
				};
			};
			buildConfigurationList = C0A1B0102F00000100000001 /* Build configuration list for PBXProject "MiniBrowser" */;
			compatibilityVersion = "Xcode 14.0";
			developmentRegion = en;
			hasScannedForEncodings = 0;
			knownRegions = (
				en,
				Base,
			);
			mainGroup = C0A1B0072F00000100000001;
			productRefGroup = C0A1B00A2F00000100000001 /* Products */;
			projectDirPath = "";
			projectRoot = "";
			targets = (
				C0A1B00B2F00000100000001 /* MiniBrowser */,
			);
		};
/* End PBXProject section */

/* Begin PBXResourcesBuildPhase section */
		C0A1B00E2F00000100000001 /* Resources */ = {
			isa = PBXResourcesBuildPhase;
			buildActionMask = 2147483647;
			files = (
			);
			runOnlyForDeploymentPostprocessing = 0;
		};
/* End PBXResourcesBuildPhase section */

/* Begin PBXSourcesBuildPhase section */
		C0A1B00D2F00000100000001 /* Sources */ = {
			isa = PBXSourcesBuildPhase;
			buildActionMask = 2147483647;
			files = (
				C0A1B0012F00000100000001 /* main.swift in Sources */,
			);
			runOnlyForDeploymentPostprocessing = 0;
		};
/* End PBXSourcesBuildPhase section */

/* Begin XCBuildConfiguration section */
		C0A1B0112F00000100000001 /* Debug */ = {
			isa = XCBuildConfiguration;
			buildSettings = {
				ALWAYS_SEARCH_USER_PATHS = NO;
				CLANG_ENABLE_MODULES = YES;
				CLANG_ENABLE_OBJC_ARC = YES;
				CODE_SIGN_IDENTITY = "-";
				CODE_SIGN_STYLE = Automatic;
				COPY_PHASE_STRIP = NO;
				DEAD_CODE_STRIPPING = YES;
				DEBUG_INFORMATION_FORMAT = dwarf;
				ENABLE_STRICT_OBJC_MSGSEND = YES;
				ENABLE_TESTABILITY = YES;
				GCC_C_LANGUAGE_STANDARD = gnu17;
				GCC_NO_COMMON_BLOCKS = YES;
				GCC_OPTIMIZATION_LEVEL = 0;
				MACOSX_DEPLOYMENT_TARGET = 11.0;
				MTL_ENABLE_DEBUG_INFO = INCLUDE_SOURCE;
				MTL_FAST_MATH = YES;
				ONLY_ACTIVE_ARCH = YES;
				SDKROOT = macosx;
				SWIFT_ACTIVE_COMPILATION_CONDITIONS = DEBUG;
				SWIFT_OPTIMIZATION_LEVEL = "-Onone";
				SWIFT_VERSION = 5.0;
			};
			name = Debug;
		};
		C0A1B0122F00000100000001 /* Release */ = {
			isa = XCBuildConfiguration;
			buildSettings = {
				ALWAYS_SEARCH_USER_PATHS = NO;
				CLANG_ENABLE_MODULES = YES;
				CLANG_ENABLE_OBJC_ARC = YES;
				CODE_SIGN_IDENTITY = "-";
				CODE_SIGN_STYLE = Automatic;
				COPY_PHASE_STRIP = NO;
				DEAD_CODE_STRIPPING = YES;
				DEBUG_INFORMATION_FORMAT = "dwarf-with-dsym";
				ENABLE_NS_ASSERTIONS = NO;
				ENABLE_STRICT_OBJC_MSGSEND = YES;
				GCC_C_LANGUAGE_STANDARD = gnu17;
				GCC_NO_COMMON_BLOCKS = YES;
				MACOSX_DEPLOYMENT_TARGET = 11.0;
				MTL_ENABLE_DEBUG_INFO = NO;
				MTL_FAST_MATH = YES;
				SDKROOT = macosx;
				SWIFT_COMPILATION_MODE = wholemodule;
				SWIFT_OPTIMIZATION_LEVEL = "-O";
				SWIFT_VERSION = 5.0;
			};
			name = Release;
		};
		C0A1B0132F00000100000001 /* Debug */ = {
			isa = XCBuildConfiguration;
			buildSettings = {
				CODE_SIGN_ENTITLEMENTS = MiniBrowser/MiniBrowser.entitlements;
				CODE_SIGN_STYLE = Automatic;
				COMBINE_HIDPI_IMAGES = YES;
				ENABLE_HARDENED_RUNTIME = YES;
				INFOPLIST_FILE = MiniBrowser/Info.plist;
				LD_RUNPATH_SEARCH_PATHS = (
					"$(inherited)",
					"@executable_path/../Frameworks",
				);
				PRODUCT_BUNDLE_IDENTIFIER = com.trendzza.minibrowser;
				PRODUCT_NAME = "$(TARGET_NAME)";
			};
			name = Debug;
		};
		C0A1B0142F00000100000001 /* Release */ = {
			isa = XCBuildConfiguration;
			buildSettings = {
				CODE_SIGN_ENTITLEMENTS = MiniBrowser/MiniBrowser.entitlements;
				CODE_SIGN_STYLE = Automatic;
				COMBINE_HIDPI_IMAGES = YES;
				ENABLE_HARDENED_RUNTIME = YES;
				INFOPLIST_FILE = MiniBrowser/Info.plist;
				LD_RUNPATH_SEARCH_PATHS = (
					"$(inherited)",
					"@executable_path/../Frameworks",
				);
				PRODUCT_BUNDLE_IDENTIFIER = com.trendzza.minibrowser;
				PRODUCT_NAME = "$(TARGET_NAME)";
			};
			name = Release;
		};
/* End XCBuildConfiguration section */

/* Begin XCConfigurationList section */
		C0A1B00C2F00000100000001 /* Build configuration list for PBXNativeTarget "MiniBrowser" */ = {
			isa = XCConfigurationList;
			buildConfigurations = (
				C0A1B0132F00000100000001 /* Debug */,
				C0A1B0142F00000100000001 /* Release */,
			);
			defaultConfigurationIsVisible = 0;
			defaultConfigurationName = Release;
		};
		C0A1B0102F00000100000001 /* Build configuration list for PBXProject "MiniBrowser" */ = {
			isa = XCConfigurationList;
			buildConfigurations = (
				C0A1B0112F00000100000001 /* Debug */,
				C0A1B0122F00000100000001 /* Release */,
			);
			defaultConfigurationIsVisible = 0;
			defaultConfigurationName = Release;
		};
/* End XCConfigurationList section */
	};
	rootObject = C0A1B00F2F00000100000001 /* Project object */;
}
